
Microsoft Visual Studio Solution File, Format Version 12.00
# Visual Studio 2012
Project("{2150E333-8FDC-42A3-9474-1A3956D46DE8}") = "curl", "curl", "{9D319EA2-F6B9-4CB2-9EC5-9D4979FA5DB3}"
EndProject
Project("{2150E333-8FDC-42A3-9474-1A3956D46DE8}") = "apps", "apps", "{F510F006-B804-429D-B397-9EE8D251626D}"
EndProject
Project("{8BC9CEB8-8B4A-11D0-8D11-00A0C91BC942}") = "libcurl", "curl\libcurl.vcxproj", "{99C42591-8BF5-4B2E-A3D5-6A51E2C995F7}"
EndProject
Project("{8BC9CEB8-8B4A-11D0-8D11-00A0C91BC942}") = "curl", "curl\curl.vcxproj", "{EFEC9672-B839-4135-A48B-70495F911205}"
	ProjectSection(ProjectDependencies) = postProject
		{99C42591-8BF5-4B2E-A3D5-6A51E2C995F7} = {99C42591-8BF5-4B2E-A3D5-6A51E2C995F7}
	EndProjectSection
EndProject
Global
	GlobalSection(SolutionConfigurationPlatforms) = preSolution
		Debug|Win32 = Debug|Win32
		Release|Win32 = Release|Win32
	EndGlobalSection
	GlobalSection(ProjectConfigurationPlatforms) = postSolution
		{99C42591-8BF5-4B2E-A3D5-6A51E2C995F7}.Debug|Win32.ActiveCfg = Debug|Win32
		{99C42591-8BF5-4B2E-A3D5-6A51E2C995F7}.Debug|Win32.Build.0 = Debug|Win32
		{99C42591-8BF5-4B2E-A3D5-6A51E2C995F7}.Release|Win32.ActiveCfg = Release|Win32
		{99C42591-8BF5-4B2E-A3D5-6A51E2C995F7}.Release|Win32.Build.0 = Release|Win32
		{EFEC9672-B839-4135-A48B-70495F911205}.Debug|Win32.ActiveCfg = Debug|Win32
		{EFEC9672-B839-4135-A48B-70495F911205}.Debug|Win32.Build.0 = Debug|Win32
		{EFEC9672-B839-4135-A48B-70495F911205}.Release|Win32.ActiveCfg = Release|Win32
		{EFEC9672-B839-4135-A48B-70495F911205}.Release|Win32.Build.0 = Release|Win32
	EndGlobalSection
	GlobalSection(SolutionProperties) = preSolution
		HideSolutionNode = FALSE
	EndGlobalSection
	GlobalSection(NestedProjects) = preSolution
		{99C42591-8BF5-4B2E-A3D5-6A51E2C995F7} = {9D319EA2-F6B9-4CB2-9EC5-9D4979FA5DB3}
		{EFEC9672-B839-4135-A48B-70495F911205} = {9D319EA2-F6B9-4CB2-9EC5-9D4979FA5DB3}
	EndGlobalSection
EndGlobal
